GIT
  remote: https://github.com/ruby/gem_registry.git
  revision: 767957013f658070634d52655453444108491280
  branch: master
  specs:

PATH
  remote: .
  specs:
    choletlegal-blog (0.1.0)
      jekyll (~> 4.3)
      kramdown (~> 2.4)
      jekyll-sitemap (~> 1.4)

GEM
  remote: https://rubygems.org/
  specs:
    addressable (2.8.4)
    colorator (1.1.0)
    concurrent-ruby (1.2.2)
    eventmachine (1.2.7)
    faraday (2.7.10)
      faraday-net_http (3.0.2)
        net-http
    faraday-net_http (3.0.2)
      net-http
    ffi (1.16.3)
    forwardable-extended (2.6.0)
    gemoji (4.1.0)
    github-pages (227)
      addressable (~> 2.4)
      any_memo (~> 1.0)
      coffee-script-source (~> 1.12)
      colorator (~> 1.1)
      commonmarker (>= 0.17.13, < 0.24.0)
      faraday (~> 2.7)
      faraday-follow_redirects (~> 0.2)
      faraday-net_http (~> 3.0)
      jekyll (~> 4.3)
      jekyll-compress (~> 4.0)
      jekyll-default-layout (~> 0.1)
      jekyll-feed (~> 0.16)
      jekyll-gist (~> 1.5)
      jekyll-github-metadata (~> 2.13)
      jekyll-include-cache (~> 0.2)
      jekyll-mentions (~> 1.6)
      jekyll-optional-front-matter (~> 0.3)
      jekyll-paginate (~> 1.1)
      jekyll-readme-index (~> 0.3)
      jekyll-redirect-from (~> 0.16)
      jekyll-relative-links (~> 0.6)
      jekyll-sass-converter (~> 2.1)
      jekyll-seo-tag (~> 2.8)
      jekyll-sitemap (~> 1.4)
      jekyll-theme-architect (~> 0.2)
      jekyll-theme-cayman-blog (~> 0.2)
      jekyll-theme-dinky (~> 0.2)
      jekyll-theme-hacker (~> 0.2)
      jekyll-theme-leap-day (~> 0.2)
      jekyll-theme-merlot (~> 0.2)
      jekyll-theme-midnight (~> 0.2)
      jekyll-theme-minimal (~> 0.2)
      jekyll-theme-modernist (~> 0.2)
      jekyll-theme-primer (~> 0.6)
      jekyll-theme-slate (~> 0.2)
      jekyll-theme-tactile (~> 0.2)
      jekyll-theme-time-machine (~> 0.2)
      jekyll-titles-from-headings (~> 0.5)
      kramdown (~> 2.4)
      kramdown-parser-gfm (~> 1.1)
      liquid (~> 4.0)
      listen (~> 3.8)
      mercenary (~> 0.4)
      nokogiri (>= 1.8.5, < 2.0)
      octokit (~> 4.24)
      parser (~> 3.1)
      public_suffix (~> 4.0, < 6.0)
      rouge (~> 3.30)
      safe_yaml (~> 1.0)
      sawyer (~> 0.9)
      terminal-table (~> 3.0)
      webrick (~> 1.7)
      yaml (>= 2.2, < 4.0)
    jekyll (4.3.3)
      addressable (~> 2.4)
      colorator (~> 1.1)
      jekyll-sass-converter (~> 2.0)
      jekyll-watch (~> 2.2)
      kramdown (~> 2.3)
      kramdown-parser-gfm (~> 1.1)
      liquid (~> 4.0)
      mercenary (~> 0.4)
      pathutil (~> 0.9)
      rouge (~> 3.3)
      safe_yaml (~> 1.0)
      webrick (~> 1.7)
    jekyll-compress (4.0.0)
      jekyll (~> 4.0)
    jekyll-default-layout (0.1.5)
      jekyll (~> 4.0)
    jekyll-feed (0.16.0)
      jekyll (~> 4.0)
    jekyll-gist (1.5.0)
      jekyll (~> 4.0)
      octokit (~> 4.0)
    jekyll-github-metadata (2.16.1)
      jekyll (~> 4.0)
      octokit (~> 4.2)
      sawyer (~> 0.9)
    jekyll-include-cache (0.2.0)
      jekyll (~> 4.0)
    jekyll-mentions (1.6.0)
      jekyll (~> 4.0)
    jekyll-optional-front-matter (0.3.2)
      jekyll (~> 4.0)
    jekyll-paginate (1.1.0)
      jekyll (~> 4.0)
    jekyll-readme-index (0.3.0)
      jekyll (~> 4.0)
    jekyll-redirect-from (0.16.0)
      jekyll (~> 4.0)
    jekyll-relative-links (0.6.1)
      jekyll (~> 4.0)
    jekyll-sass-converter (2.2.0)
      sassc (> 2.0, < 3.0)
    jekyll-sitemap (1.4.0)
      jekyll (~> 4.0)
    jekyll-theme-architect (0.2.0)
      jekyll (~> 4.0)
    jekyll-theme-cayman-blog (0.2.0)
      jekyll (~> 4.0)
    jekyll-theme-dinky (0.2.0)
      jekyll (~> 4.0)
    jekyll-theme-hacker (0.2.0)
      jekyll (~> 4.0)
    jekyll-theme-leap-day (0.2.0)
      jekyll (~> 4.0)
    jekyll-theme-merlot (0.2.0)
      jekyll (~> 4.0)
    jekyll-theme-midnight (0.2.0)
      jekyll (~> 4.0)
    jekyll-theme-minimal (0.2.0)
      jekyll (~> 4.0)
    jekyll-theme-modernist (0.2.0)
      jekyll (~> 4.0)
    jekyll-theme-primer (0.6.0)
      jekyll (~> 4.0)
    jekyll-theme-slate (0.2.0)
      jekyll (~> 4.0)
    jekyll-theme-tactile (0.2.0)
      jekyll (~> 4.0)
    jekyll-theme-time-machine (0.2.0)
      jekyll (~> 4.0)
    jekyll-titles-from-headings (0.5.3)
      jekyll (~> 4.0)
    jekyll-watch (2.2.1)
      listen (~> 3.0)
    kramdown (2.4.0)
      rexml (>= 3.2, < 4.0)
    kramdown-parser-gfm (1.1.0)
      kramdown (~> 2.0)
    liquid (4.0.4)
    listen (3.8.0)
      rb-fsevent (~> 0.10, >= 0.10.3)
      rb-inotify (~> 0.10, >= 0.10.3)
    mercenary (0.4.0)
    net-http (0.4.1)
      uri
    nio4r (2.5.9)
    nokogiri (1.15.4)
      racc (>= 1.4.6, < 2.0)
    octokit (4.24.0)
      sawyer (~> 0.9, >= 0.8.2)
    parser (3.2.2.0)
      racc
    pathutil (0.16.2)
    public_suffix (5.0.1)
    racc (1.6.2)
    rb-fsevent (0.11.2)
    rb-inotify (0.11.1)
      ffi (~> 1.0)
    rexml (3.2.5)
    rouge (3.30.0)
    safe_yaml (1.0.5)
    sawyer (0.9.2)
      addressable (~> 2.3)
      faraday (~> 0.9)
    sassc (2.4.0)
      ffi (~> 1.9)
    terminal-table (3.0.2)
      unicode-display_width (>= 1.1.0, < 3.0)
    unicode-display_width (2.4.2)
    uri (0.12.2)
    webrick (1.8.1)
    yaml (2.2.2)

PLATFORMS
  x86_64-linux

DEPENDENCIES
  choletlegal-blog!
  github-pages (~> 227)
  jekyll (~> 4.3)
  jekyll-feed (~> 0.16)
  jekyll-sitemap (~> 1.4)
  kramdown (~> 2.4)

BUNDLED WITH
   2.4.10
